
Microsoft Visual Studio Solution File, Format Version 12.00
# Visual Studio Version 16
VisualStudioVersion = 16.0.29806.167
MinimumVisualStudioVersion = 10.0.40219.1
Project("{2150E333-8FDC-42A3-9474-1A3956D46DE8}") = "1.Presentation", "1.Presentation", "{9DD83EFE-AB9D-4045-A55F-F56ED286FA69}"
EndProject
Project("{2150E333-8FDC-42A3-9474-1A3956D46DE8}") = "2.Distributed", "2.Distributed", "{11B5AA49-1F1E-4EA4-BA94-931487BBDDEC}"
EndProject
Project("{2150E333-8FDC-42A3-9474-1A3956D46DE8}") = "0.Security", "0.Security", "{55AC56C8-0C85-4479-B7BA-4D306D15C645}"
EndProject
Project("{2150E333-8FDC-42A3-9474-1A3956D46DE8}") = "3.Application", "3.Application", "{4CEFB3D1-4134-4382-B8FA-DA4BE24EC520}"
EndProject
Project("{2150E333-8FDC-42A3-9474-1A3956D46DE8}") = "4.Repository", "4.Repository", "{31807694-3EA2-40B8-A383-D935D86AA84B}"
EndProject
Project("{2150E333-8FDC-42A3-9474-1A3956D46DE8}") = "5.Cross", "5.Cross", "{DCF3FE4D-A169-4EBE-BE5C-A840CEA394C7}"
EndProject
Project("{2150E333-8FDC-42A3-9474-1A3956D46DE8}") = "5.1.Common", "5.1.Common", "{82FFDF1A-1C3B-475D-A1E0-E13C81F5F7E8}"
EndProject
Project("{2150E333-8FDC-42A3-9474-1A3956D46DE8}") = "6.ExternalLibrary", "6.ExternalLibrary", "{85D2C39B-A5CF-468E-8F66-120E6EB13A2E}"
EndProject
Project("{2150E333-8FDC-42A3-9474-1A3956D46DE8}") = "6.1.Core", "6.1.Core", "{8F493E99-D064-4982-8E7B-33695A00E6B9}"
	ProjectSection(SolutionItems) = preProject
		..\BaseArchitecture.ExternalLibrary\Core\AWSSDK.Core.dll = ..\BaseArchitecture.ExternalLibrary\Core\AWSSDK.Core.dll
		..\BaseArchitecture.ExternalLibrary\Core\AWSSDK.S3.dll = ..\BaseArchitecture.ExternalLibrary\Core\AWSSDK.S3.dll
	EndProjectSection
EndProject
Project("{2150E333-8FDC-42A3-9474-1A3956D46DE8}") = "6.2.Security", "6.2.Security", "{F856878E-27F0-4FD4-8634-FEFB7EE67443}"
	ProjectSection(SolutionItems) = preProject
		..\BaseArchitecture.ExternalLibrary\Security\AWSSDK.CognitoIdentity.dll = ..\BaseArchitecture.ExternalLibrary\Security\AWSSDK.CognitoIdentity.dll
		..\BaseArchitecture.ExternalLibrary\Security\AWSSDK.SecurityToken.dll = ..\BaseArchitecture.ExternalLibrary\Security\AWSSDK.SecurityToken.dll
		..\BaseArchitecture.ExternalLibrary\Security\FW.Cognito.Integration.dll = ..\BaseArchitecture.ExternalLibrary\Security\FW.Cognito.Integration.dll
		..\BaseArchitecture.ExternalLibrary\Security\FW.Cognito.Roles.dll = ..\BaseArchitecture.ExternalLibrary\Security\FW.Cognito.Roles.dll
	EndProjectSection
EndProject
Project("{2150E333-8FDC-42A3-9474-1A3956D46DE8}") = "6.3.Traceability", "6.3.Traceability", "{4E7B70B8-A5BC-467F-8C69-CB153B0B6474}"
	ProjectSection(SolutionItems) = preProject
		..\BaseArchitecture.ExternalLibrary\Tracebility\AWS.Logger.Core.dll = ..\BaseArchitecture.ExternalLibrary\Tracebility\AWS.Logger.Core.dll
		..\BaseArchitecture.ExternalLibrary\Tracebility\AWSSDK.CloudWatchLogs.dll = ..\BaseArchitecture.ExternalLibrary\Tracebility\AWSSDK.CloudWatchLogs.dll
		..\BaseArchitecture.ExternalLibrary\Tracebility\NLog.AWS.Logger.dll = ..\BaseArchitecture.ExternalLibrary\Tracebility\NLog.AWS.Logger.dll
		..\BaseArchitecture.ExternalLibrary\Tracebility\NLog.dll = ..\BaseArchitecture.ExternalLibrary\Tracebility\NLog.dll
	EndProjectSection
EndProject
Project("{FAE04EC0-301F-11D3-BF4B-00C04F79EFBC}") = "BaseArchitecture.Cross.SystemVariable", "BaseArchitecture.Cross.SystemVariable\BaseArchitecture.Cross.SystemVariable.csproj", "{64BCBAAA-FD2E-4947-B92B-642ABE0B3912}"
EndProject
Project("{FAE04EC0-301F-11D3-BF4B-00C04F79EFBC}") = "BaseArchitecture.Application.IService", "BaseArchitecture.Application.IService\BaseArchitecture.Application.IService.csproj", "{62AD9742-D973-4117-9885-7169BB1610E3}"
EndProject
Project("{FAE04EC0-301F-11D3-BF4B-00C04F79EFBC}") = "BaseArchitecture.Application.Service", "BaseArchitecture.Application.Service\BaseArchitecture.Application.Service.csproj", "{EC2F454E-FACB-4196-BAAE-F18E3E8F49FD}"
EndProject
Project("{FAE04EC0-301F-11D3-BF4B-00C04F79EFBC}") = "BaseArchitecture.Repository.IProxy", "BaseArchitecture.Repository.IProxy\BaseArchitecture.Repository.IProxy.csproj", "{86B50713-F04C-4FAB-A431-8AFCD519387D}"
EndProject
Project("{FAE04EC0-301F-11D3-BF4B-00C04F79EFBC}") = "BaseArchitecture.Repository.Proxy", "BaseArchitecture.Repository.Proxy\BaseArchitecture.Repository.Proxy.csproj", "{F4290B4E-49D0-4102-AC24-9157DFD470D2}"
EndProject
Project("{FAE04EC0-301F-11D3-BF4B-00C04F79EFBC}") = "BaseArchitecture.Cross.Container", "BaseArchitecture.Cross.Container\BaseArchitecture.Cross.Container.csproj", "{A538E1FE-7FC8-44A6-98DC-4DC05F2B58DC}"
EndProject
Project("{FAE04EC0-301F-11D3-BF4B-00C04F79EFBC}") = "BaseArchitecture.Repository.IData", "BaseArchitecture.Repository.IData\BaseArchitecture.Repository.IData.csproj", "{55599723-4843-4319-98AA-C6223FBD756D}"
EndProject
Project("{FAE04EC0-301F-11D3-BF4B-00C04F79EFBC}") = "BaseArchitecture.Repository.Data", "BaseArchitecture.Repository.Data\BaseArchitecture.Repository.Data.csproj", "{4B15CE16-00DF-45F8-BF02-298C6626A14F}"
EndProject
Project("{FAE04EC0-301F-11D3-BF4B-00C04F79EFBC}") = "BaseArchitecture.Application.TransferObject", "BaseArchitecture.Application.TransferObject\BaseArchitecture.Application.TransferObject.csproj", "{FEE3CB11-1F2C-405C-B98D-BDCA6577D70C}"
EndProject
Project("{FAE04EC0-301F-11D3-BF4B-00C04F79EFBC}") = "BaseArchitecture.Distributed.WebApi", "BaseArchitecture.Distributed.WebApi\BaseArchitecture.Distributed.WebApi.csproj", "{1E99BC18-7E8D-4D7C-BA3B-06E8AB0096CE}"
EndProject
Project("{FAE04EC0-301F-11D3-BF4B-00C04F79EFBC}") = "BaseArchitecture.Cross.LoggerTrace", "BaseArchitecture.Cross.LoggerTrace\BaseArchitecture.Cross.LoggerTrace.csproj", "{2FC9227B-B166-4A8E-8970-3E709747B607}"
EndProject
Project("{FAE04EC0-301F-11D3-BF4B-00C04F79EFBC}") = "BaseArchitecture.Distributed.ApiGateway", "BaseArchitecture.Distributed.ApiGateway\BaseArchitecture.Distributed.ApiGateway.csproj", "{5C87C752-B7DF-422D-910E-8453D782A713}"
EndProject
Project("{FAE04EC0-301F-11D3-BF4B-00C04F79EFBC}") = "BaseArchitecture.Cross.Security", "BaseArchitecture.Cross.Security\BaseArchitecture.Cross.Security.csproj", "{34AC6E9E-8829-4EBC-85CE-7CE0ECB77938}"
EndProject
Project("{FAE04EC0-301F-11D3-BF4B-00C04F79EFBC}") = "BaseArchitecture.Repository.Entity", "BaseArchitecture.Repository.Entity\BaseArchitecture.Repository.Entity.csproj", "{C720BFEB-9430-47B6-BB13-5FD2831D22BD}"
EndProject
Project("{FAE04EC0-301F-11D3-BF4B-00C04F79EFBC}") = "BaseArchitecture.Cross.Mapper", "BaseArchitecture.Cross.Mapper\BaseArchitecture.Cross.Mapper.csproj", "{3C3E97B7-8174-4B4B-B0CC-EA7F7B25A8FB}"
EndProject
Project("{2150E333-8FDC-42A3-9474-1A3956D46DE8}") = "7.Script", "7.Script", "{18D41466-9D06-4935-A973-9F610B8B11F3}"
	ProjectSection(SolutionItems) = preProject
		BaseStructure.sql = BaseStructure.sql
	EndProjectSection
EndProject
Project("{FAE04EC0-301F-11D3-BF4B-00C04F79EFBC}") = "BaseArchitecture.Presentation.UploadS3", "BaseArchitecture.Presentation.UploadS3\BaseArchitecture.Presentation.UploadS3.csproj", "{060B5BF8-64CE-4734-8765-2EFD9BDCACEE}"
EndProject
Global
	GlobalSection(SolutionConfigurationPlatforms) = preSolution
		Debug|Any CPU = Debug|Any CPU
		Release|Any CPU = Release|Any CPU
	EndGlobalSection
	GlobalSection(ProjectConfigurationPlatforms) = postSolution
		{64BCBAAA-FD2E-4947-B92B-642ABE0B3912}.Debug|Any CPU.ActiveCfg = Debug|Any CPU
		{64BCBAAA-FD2E-4947-B92B-642ABE0B3912}.Debug|Any CPU.Build.0 = Debug|Any CPU
		{64BCBAAA-FD2E-4947-B92B-642ABE0B3912}.Release|Any CPU.ActiveCfg = Release|Any CPU
		{64BCBAAA-FD2E-4947-B92B-642ABE0B3912}.Release|Any CPU.Build.0 = Release|Any CPU
		{62AD9742-D973-4117-9885-7169BB1610E3}.Debug|Any CPU.ActiveCfg = Debug|Any CPU
		{62AD9742-D973-4117-9885-7169BB1610E3}.Debug|Any CPU.Build.0 = Debug|Any CPU
		{62AD9742-D973-4117-9885-7169BB1610E3}.Release|Any CPU.ActiveCfg = Release|Any CPU
		{62AD9742-D973-4117-9885-7169BB1610E3}.Release|Any CPU.Build.0 = Release|Any CPU
		{EC2F454E-FACB-4196-BAAE-F18E3E8F49FD}.Debug|Any CPU.ActiveCfg = Debug|Any CPU
		{EC2F454E-FACB-4196-BAAE-F18E3E8F49FD}.Debug|Any CPU.Build.0 = Debug|Any CPU
		{EC2F454E-FACB-4196-BAAE-F18E3E8F49FD}.Release|Any CPU.ActiveCfg = Release|Any CPU
		{EC2F454E-FACB-4196-BAAE-F18E3E8F49FD}.Release|Any CPU.Build.0 = Release|Any CPU
		{86B50713-F04C-4FAB-A431-8AFCD519387D}.Debug|Any CPU.ActiveCfg = Debug|Any CPU
		{86B50713-F04C-4FAB-A431-8AFCD519387D}.Debug|Any CPU.Build.0 = Debug|Any CPU
		{86B50713-F04C-4FAB-A431-8AFCD519387D}.Release|Any CPU.ActiveCfg = Release|Any CPU
		{86B50713-F04C-4FAB-A431-8AFCD519387D}.Release|Any CPU.Build.0 = Release|Any CPU
		{F4290B4E-49D0-4102-AC24-9157DFD470D2}.Debug|Any CPU.ActiveCfg = Debug|Any CPU
		{F4290B4E-49D0-4102-AC24-9157DFD470D2}.Debug|Any CPU.Build.0 = Debug|Any CPU
		{F4290B4E-49D0-4102-AC24-9157DFD470D2}.Release|Any CPU.ActiveCfg = Release|Any CPU
		{F4290B4E-49D0-4102-AC24-9157DFD470D2}.Release|Any CPU.Build.0 = Release|Any CPU
		{A538E1FE-7FC8-44A6-98DC-4DC05F2B58DC}.Debug|Any CPU.ActiveCfg = Debug|Any CPU
		{A538E1FE-7FC8-44A6-98DC-4DC05F2B58DC}.Debug|Any CPU.Build.0 = Debug|Any CPU
		{A538E1FE-7FC8-44A6-98DC-4DC05F2B58DC}.Release|Any CPU.ActiveCfg = Release|Any CPU
		{A538E1FE-7FC8-44A6-98DC-4DC05F2B58DC}.Release|Any CPU.Build.0 = Release|Any CPU
		{55599723-4843-4319-98AA-C6223FBD756D}.Debug|Any CPU.ActiveCfg = Debug|Any CPU
		{55599723-4843-4319-98AA-C6223FBD756D}.Debug|Any CPU.Build.0 = Debug|Any CPU
		{55599723-4843-4319-98AA-C6223FBD756D}.Release|Any CPU.ActiveCfg = Release|Any CPU
		{55599723-4843-4319-98AA-C6223FBD756D}.Release|Any CPU.Build.0 = Release|Any CPU
		{4B15CE16-00DF-45F8-BF02-298C6626A14F}.Debug|Any CPU.ActiveCfg = Debug|Any CPU
		{4B15CE16-00DF-45F8-BF02-298C6626A14F}.Debug|Any CPU.Build.0 = Debug|Any CPU
		{4B15CE16-00DF-45F8-BF02-298C6626A14F}.Release|Any CPU.ActiveCfg = Release|Any CPU
		{4B15CE16-00DF-45F8-BF02-298C6626A14F}.Release|Any CPU.Build.0 = Release|Any CPU
		{FEE3CB11-1F2C-405C-B98D-BDCA6577D70C}.Debug|Any CPU.ActiveCfg = Debug|Any CPU
		{FEE3CB11-1F2C-405C-B98D-BDCA6577D70C}.Debug|Any CPU.Build.0 = Debug|Any CPU
		{FEE3CB11-1F2C-405C-B98D-BDCA6577D70C}.Release|Any CPU.ActiveCfg = Release|Any CPU
		{FEE3CB11-1F2C-405C-B98D-BDCA6577D70C}.Release|Any CPU.Build.0 = Release|Any CPU
		{1E99BC18-7E8D-4D7C-BA3B-06E8AB0096CE}.Debug|Any CPU.ActiveCfg = Debug|Any CPU
		{1E99BC18-7E8D-4D7C-BA3B-06E8AB0096CE}.Debug|Any CPU.Build.0 = Debug|Any CPU
		{1E99BC18-7E8D-4D7C-BA3B-06E8AB0096CE}.Release|Any CPU.ActiveCfg = Release|Any CPU
		{1E99BC18-7E8D-4D7C-BA3B-06E8AB0096CE}.Release|Any CPU.Build.0 = Release|Any CPU
		{2FC9227B-B166-4A8E-8970-3E709747B607}.Debug|Any CPU.ActiveCfg = Debug|Any CPU
		{2FC9227B-B166-4A8E-8970-3E709747B607}.Debug|Any CPU.Build.0 = Debug|Any CPU
		{2FC9227B-B166-4A8E-8970-3E709747B607}.Release|Any CPU.ActiveCfg = Release|Any CPU
		{2FC9227B-B166-4A8E-8970-3E709747B607}.Release|Any CPU.Build.0 = Release|Any CPU
		{5C87C752-B7DF-422D-910E-8453D782A713}.Debug|Any CPU.ActiveCfg = Debug|Any CPU
		{5C87C752-B7DF-422D-910E-8453D782A713}.Debug|Any CPU.Build.0 = Debug|Any CPU
		{5C87C752-B7DF-422D-910E-8453D782A713}.Release|Any CPU.ActiveCfg = Release|Any CPU
		{5C87C752-B7DF-422D-910E-8453D782A713}.Release|Any CPU.Build.0 = Release|Any CPU
		{34AC6E9E-8829-4EBC-85CE-7CE0ECB77938}.Debug|Any CPU.ActiveCfg = Debug|Any CPU
		{34AC6E9E-8829-4EBC-85CE-7CE0ECB77938}.Debug|Any CPU.Build.0 = Debug|Any CPU
		{34AC6E9E-8829-4EBC-85CE-7CE0ECB77938}.Release|Any CPU.ActiveCfg = Release|Any CPU
		{34AC6E9E-8829-4EBC-85CE-7CE0ECB77938}.Release|Any CPU.Build.0 = Release|Any CPU
		{C720BFEB-9430-47B6-BB13-5FD2831D22BD}.Debug|Any CPU.ActiveCfg = Debug|Any CPU
		{C720BFEB-9430-47B6-BB13-5FD2831D22BD}.Debug|Any CPU.Build.0 = Debug|Any CPU
		{C720BFEB-9430-47B6-BB13-5FD2831D22BD}.Release|Any CPU.ActiveCfg = Release|Any CPU
		{C720BFEB-9430-47B6-BB13-5FD2831D22BD}.Release|Any CPU.Build.0 = Release|Any CPU
		{3C3E97B7-8174-4B4B-B0CC-EA7F7B25A8FB}.Debug|Any CPU.ActiveCfg = Debug|Any CPU
		{3C3E97B7-8174-4B4B-B0CC-EA7F7B25A8FB}.Debug|Any CPU.Build.0 = Debug|Any CPU
		{3C3E97B7-8174-4B4B-B0CC-EA7F7B25A8FB}.Release|Any CPU.ActiveCfg = Release|Any CPU
		{3C3E97B7-8174-4B4B-B0CC-EA7F7B25A8FB}.Release|Any CPU.Build.0 = Release|Any CPU
		{060B5BF8-64CE-4734-8765-2EFD9BDCACEE}.Debug|Any CPU.ActiveCfg = Debug|Any CPU
		{060B5BF8-64CE-4734-8765-2EFD9BDCACEE}.Debug|Any CPU.Build.0 = Debug|Any CPU
		{060B5BF8-64CE-4734-8765-2EFD9BDCACEE}.Release|Any CPU.ActiveCfg = Release|Any CPU
		{060B5BF8-64CE-4734-8765-2EFD9BDCACEE}.Release|Any CPU.Build.0 = Release|Any CPU
	EndGlobalSection
	GlobalSection(SolutionProperties) = preSolution
		HideSolutionNode = FALSE
	EndGlobalSection
	GlobalSection(NestedProjects) = preSolution
		{82FFDF1A-1C3B-475D-A1E0-E13C81F5F7E8} = {DCF3FE4D-A169-4EBE-BE5C-A840CEA394C7}
		{8F493E99-D064-4982-8E7B-33695A00E6B9} = {85D2C39B-A5CF-468E-8F66-120E6EB13A2E}
		{F856878E-27F0-4FD4-8634-FEFB7EE67443} = {85D2C39B-A5CF-468E-8F66-120E6EB13A2E}
		{4E7B70B8-A5BC-467F-8C69-CB153B0B6474} = {85D2C39B-A5CF-468E-8F66-120E6EB13A2E}
		{64BCBAAA-FD2E-4947-B92B-642ABE0B3912} = {82FFDF1A-1C3B-475D-A1E0-E13C81F5F7E8}
		{62AD9742-D973-4117-9885-7169BB1610E3} = {4CEFB3D1-4134-4382-B8FA-DA4BE24EC520}
		{EC2F454E-FACB-4196-BAAE-F18E3E8F49FD} = {4CEFB3D1-4134-4382-B8FA-DA4BE24EC520}
		{86B50713-F04C-4FAB-A431-8AFCD519387D} = {31807694-3EA2-40B8-A383-D935D86AA84B}
		{F4290B4E-49D0-4102-AC24-9157DFD470D2} = {31807694-3EA2-40B8-A383-D935D86AA84B}
		{A538E1FE-7FC8-44A6-98DC-4DC05F2B58DC} = {82FFDF1A-1C3B-475D-A1E0-E13C81F5F7E8}
		{55599723-4843-4319-98AA-C6223FBD756D} = {31807694-3EA2-40B8-A383-D935D86AA84B}
		{4B15CE16-00DF-45F8-BF02-298C6626A14F} = {31807694-3EA2-40B8-A383-D935D86AA84B}
		{FEE3CB11-1F2C-405C-B98D-BDCA6577D70C} = {4CEFB3D1-4134-4382-B8FA-DA4BE24EC520}
		{1E99BC18-7E8D-4D7C-BA3B-06E8AB0096CE} = {11B5AA49-1F1E-4EA4-BA94-931487BBDDEC}
		{2FC9227B-B166-4A8E-8970-3E709747B607} = {82FFDF1A-1C3B-475D-A1E0-E13C81F5F7E8}
		{5C87C752-B7DF-422D-910E-8453D782A713} = {11B5AA49-1F1E-4EA4-BA94-931487BBDDEC}
		{34AC6E9E-8829-4EBC-85CE-7CE0ECB77938} = {82FFDF1A-1C3B-475D-A1E0-E13C81F5F7E8}
		{C720BFEB-9430-47B6-BB13-5FD2831D22BD} = {31807694-3EA2-40B8-A383-D935D86AA84B}
		{3C3E97B7-8174-4B4B-B0CC-EA7F7B25A8FB} = {82FFDF1A-1C3B-475D-A1E0-E13C81F5F7E8}
		{060B5BF8-64CE-4734-8765-2EFD9BDCACEE} = {9DD83EFE-AB9D-4045-A55F-F56ED286FA69}
	EndGlobalSection
	GlobalSection(ExtensibilityGlobals) = postSolution
		SolutionGuid = {B38579E6-1667-422D-8931-2870ECFEE593}
	EndGlobalSection
EndGlobal
